
Microsoft Visual Studio Solution File, Format Version 12.00
# Visual Studio Version 16
VisualStudioVersion = 16.0.30503.244
MinimumVisualStudioVersion = 10.0.40219.1
Project("{FAE04EC0-301F-11D3-BF4B-00C04F79EFBC}") = "Labs", "Labs\Labs.csproj", "{33436340-2CA5-4119-B761-8CAA8B377188}"
EndProject
Global
	GlobalSection(SolutionConfigurationPlatforms) = preSolution
		Debug|Any CPU = Debug|Any CPU
		Release|Any CPU = Release|Any CPU
	EndGlobalSection
	GlobalSection(ProjectConfigurationPlatforms) = postSolution
		{33436340-2CA5-4119-B761-8CAA8B377188}.Debug|Any CPU.ActiveCfg = Debug|Any CPU
		{33436340-2CA5-4119-B761-8CAA8B377188}.Debug|Any CPU.Build.0 = Debug|Any CPU
		{33436340-2CA5-4119-B761-8CAA8B377188}.Release|Any CPU.ActiveCfg = Release|Any CPU
		{33436340-2CA5-4119-B761-8CAA8B377188}.Release|Any CPU.Build.0 = Release|Any CPU
	EndGlobalSection
	GlobalSection(SolutionProperties) = preSolution
		HideSolutionNode = FALSE
	EndGlobalSection
	GlobalSection(ExtensibilityGlobals) = postSolution
		SolutionGuid = {9D9E163F-AC01-4AAF-B42E-BC8ED5D97F5B}
	EndGlobalSection
EndGlobal
